
Microsoft Visual Studio Solution File, Format Version 12.00
# Visual Studio Version 17
VisualStudioVersion = 17.2.32526.322
MinimumVisualStudioVersion = 10.0.40219.1
Project("{FAE04EC0-301F-11D3-BF4B-00C04F79EFBC}") = "TestWebView2", "TestWebView2.csproj", "{168BA6F3-858A-4A74-B46B-5D78A72F247D}"
EndProject
Global
	GlobalSection(SolutionConfigurationPlatforms) = preSolution
		Debug|Any CPU = Debug|Any CPU
		Release|Any CPU = Release|Any CPU
	EndGlobalSection
	GlobalSection(ProjectConfigurationPlatforms) = postSolution
		{168BA6F3-858A-4A74-B46B-5D78A72F247D}.Debug|Any CPU.ActiveCfg = Release|Any CPU
		{168BA6F3-858A-4A74-B46B-5D78A72F247D}.Debug|Any CPU.Build.0 = Release|Any CPU
		{168BA6F3-858A-4A74-B46B-5D78A72F247D}.Release|Any CPU.ActiveCfg = Release|Any CPU
		{168BA6F3-858A-4A74-B46B-5D78A72F247D}.Release|Any CPU.Build.0 = Release|Any CPU
	EndGlobalSection
	GlobalSection(SolutionProperties) = preSolution
		HideSolutionNode = FALSE
	EndGlobalSection
	GlobalSection(ExtensibilityGlobals) = postSolution
		SolutionGuid = {62734137-0276-4947-8D05-49A080DE4ADA}
	EndGlobalSection
EndGlobal
